
Microsoft Visual Studio Solution File, Format Version 12.00
# Visual Studio Version 16
VisualStudioVersion = 16.0.31005.135
MinimumVisualStudioVersion = 10.0.40219.1
Project("{FAE04EC0-301F-11D3-BF4B-00C04F79EFBC}") = "MovieBlog", "MovieBlog\MovieBlog.csproj", "{C838FA2D-352E-4A42-955E-5612E36DF527}"
EndProject
Global
	GlobalSection(SolutionConfigurationPlatforms) = preSolution
		Debug|Any CPU = Debug|Any CPU
		Release|Any CPU = Release|Any CPU
	EndGlobalSection
	GlobalSection(ProjectConfigurationPlatforms) = postSolution
		{C838FA2D-352E-4A42-955E-5612E36DF527}.Debug|Any CPU.ActiveCfg = Debug|Any CPU
		{C838FA2D-352E-4A42-955E-5612E36DF527}.Debug|Any CPU.Build.0 = Debug|Any CPU
		{C838FA2D-352E-4A42-955E-5612E36DF527}.Release|Any CPU.ActiveCfg = Release|Any CPU
		{C838FA2D-352E-4A42-955E-5612E36DF527}.Release|Any CPU.Build.0 = Release|Any CPU
	EndGlobalSection
	GlobalSection(SolutionProperties) = preSolution
		HideSolutionNode = FALSE
	EndGlobalSection
	GlobalSection(ExtensibilityGlobals) = postSolution
		SolutionGuid = {C3213408-937C-4701-B3EF-5B7AC7528064}
	EndGlobalSection
EndGlobal
